{
  "name": "admin-holochain-playground",
  "version": "1.0.0",
  "lockfileVersion": 1,
  "requires": true,
  "dependencies": {
    "@holochain/conductor-api": {
      "version": "0.2.1",
      "resolved": "https://registry.npmjs.org/@holochain/conductor-api/-/conductor-api-0.2.1.tgz",
      "integrity": "sha512-H7C3LeSGE98/SCg5TcUQRMP3afZ1IDzjKMBUlIPTJbUcBhwgwdVg87XBhkI1atPnKyxugYdgelQtT+6hKu6GNA==",
      "requires": {
        "@msgpack/msgpack": "2.4.0",
        "@types/ws": "^7.2.4",
        "cross-fetch": "^3.1.4",
        "isomorphic-ws": "^4.0.1",
        "nanoid": "^3.1.9",
        "ws": "^7.4.6"
      }
    },
    "@msgpack/msgpack": {
      "version": "2.4.0",
      "resolved": "https://registry.npmjs.org/@msgpack/msgpack/-/msgpack-2.4.0.tgz",
      "integrity": "sha512-5qzv53J43V8GaYsaETs29Q0Ehw9Dog6SG18MASZRQDuZYXtA5T7pymGE2S40NL0X8sjl8+TybmRa5O8d45V7MQ=="
    },
    "@types/node": {
      "version": "16.11.6",
      "resolved": "https://registry.npmjs.org/@types/node/-/node-16.11.6.tgz",
      "integrity": "sha512-ua7PgUoeQFjmWPcoo9khiPum3Pd60k4/2ZGXt18sm2Slk0W0xZTqt5Y0Ny1NyBiN1EVQ/+FaF9NcY4Qe6rwk5w=="
    },
    "@types/ws": {
      "version": "7.4.7",
      "resolved": "https://registry.npmjs.org/@types/ws/-/ws-7.4.7.tgz",
      "integrity": "sha512-JQbbmxZTZehdc2iszGKs5oC3NFnjeay7mtAWrdt7qNtAVK0g19muApzAy4bm9byz79xa2ZnO/BOBC2R8RC5Lww==",
      "requires": {
        "@types/node": "*"
      }
    },
    "cross-fetch": {
      "version": "3.1.4",
      "resolved": "https://registry.npmjs.org/cross-fetch/-/cross-fetch-3.1.4.tgz",
      "integrity": "sha512-1eAtFWdIubi6T4XPy6ei9iUFoKpUkIF971QLN8lIvvvwueI65+Nw5haMNKUwfJxabqlIIDODJKGrQ66gxC0PbQ==",
      "requires": {
        "node-fetch": "2.6.1"
      }
    },
    "isomorphic-ws": {
      "version": "4.0.1",
      "resolved": "https://registry.npmjs.org/isomorphic-ws/-/isomorphic-ws-4.0.1.tgz",
      "integrity": "sha512-BhBvN2MBpWTaSHdWRb/bwdZJ1WaehQ2L1KngkCkfLUGF0mAWAT1sQUQacEmQ0jXkFw/czDXPNQSL5u2/Krsz1w=="
    },
    "minimist": {
      "version": "1.2.5",
      "resolved": "https://registry.npmjs.org/minimist/-/minimist-1.2.5.tgz",
      "integrity": "sha512-FM9nNUYrRBAELZQT3xeZQ7fmMOBg6nWNmJKTcgsJeaLstP/UODVpGsr5OhXhhXg6f+qtJ8uiZ+PUxkDWcgIXLw=="
    },
    "mkdirp": {
      "version": "0.5.5",
      "resolved": "https://registry.npmjs.org/mkdirp/-/mkdirp-0.5.5.tgz",
      "integrity": "sha512-NKmAlESf6jMGym1++R0Ra7wvhV+wFW63FaSOFPwRahvea0gMUcGUhVeAg/0BC0wiv9ih5NYPB1Wn1UEI1/L+xQ==",
      "requires": {
        "minimist": "^1.2.5"
      }
    },
    "nanoid": {
      "version": "3.1.30",
      "resolved": "https://registry.npmjs.org/nanoid/-/nanoid-3.1.30.tgz",
      "integrity": "sha512-zJpuPDwOv8D2zq2WRoMe1HsfZthVewpel9CAvTfc/2mBD1uUT/agc5f7GHGWXlYkFvi1mVxe4IjvP2HNrop7nQ=="
    },
    "node-fetch": {
      "version": "2.6.1",
      "resolved": "https://registry.npmjs.org/node-fetch/-/node-fetch-2.6.1.tgz",
      "integrity": "sha512-V4aYg89jEoVRxRb2fJdAg8FHvI7cEyYdVAh94HH0UIK8oJxUfkjlDQN9RbMx+bEjP7+ggMiFRprSti032Oipxw=="
    },
    "plotly": {
      "version": "1.0.6",
      "resolved": "https://registry.npmjs.org/plotly/-/plotly-1.0.6.tgz",
      "integrity": "sha1-smcsPfiDM2Jb32hJgtDj9lIdeqo=",
      "requires": {
        "mkdirp": "~0.5.0"
      }
    },
    "vis-timeline": {
      "version": "7.4.9",
      "resolved": "https://registry.npmjs.org/vis-timeline/-/vis-timeline-7.4.9.tgz",
      "integrity": "sha512-+Mb829u4Jq9qPhh6EHAa7DRBEwXW0AclaXndxAC7e772oI5pMSAbhbKsQXsPYRPkf9vtac3/US+WPHJQYjGsRA=="
    },
    "ws": {
      "version": "7.5.5",
      "resolved": "https://registry.npmjs.org/ws/-/ws-7.5.5.tgz",
      "integrity": "sha512-BAkMFcAzl8as1G/hArkxOxq3G7pjUqQ3gzYbLL0/5zNkph70e+lCoxBGnm6AW1+/aiNeV4fnKqZ8m4GZewmH2w=="
    }
  }
}
